// !$*UTF8*$!
{
	archiveVersion = 1;
	classes = {
	};
	objectVersion = 46;
	objects = {

/* Begin PBXBuildFile section */
		2735DF8F1EBA33CE00F44A94 /* AppDelegate.swift in Sources */ = {isa = PBXBuildFile; fileRef = 2735DF8E1EBA33CE00F44A94 /* AppDelegate.swift */; };
		2735DF911EBA33CE00F44A94 /* ViewController.swift in Sources */ = {isa = PBXBuildFile; fileRef = 2735DF901EBA33CE00F44A94 /* ViewController.swift */; };
		2735DF941EBA33CE00F44A94 /* Main.storyboard in Resources */ = {isa = PBXBuildFile; fileRef = 2735DF921EBA33CE00F44A94 /* Main.storyboard */; };
		2735DF961EBA33CE00F44A94 /* Assets.xcassets in Resources */ = {isa = PBXBuildFile; fileRef = 2735DF951EBA33CE00F44A94 /* Assets.xcassets */; };
		2735DF991EBA33CE00F44A94 /* LaunchScreen.storyboard in Resources */ = {isa = PBXBuildFile; fileRef = 2735DF971EBA33CE00F44A94 /* LaunchScreen.storyboard */; };
		2735DFA41EBA33CE00F44A94 /* UIScrollViewMoveContentTests.swift in Sources */ = {isa = PBXBuildFile; fileRef = 2735DFA31EBA33CE00F44A94 /* UIScrollViewMoveContentTests.swift */; };
		2735DFAF1EBA33CE00F44A94 /* UIScrollViewMoveContentUITests.swift in Sources */ = {isa = PBXBuildFile; fileRef = 2735DFAE1EBA33CE00F44A94 /* UIScrollViewMoveContentUITests.swift */; };
/* End PBXBuildFile section */

/* Begin PBXContainerItemProxy section */
		2735DFA01EBA33CE00F44A94 /* PBXContainerItemProxy */ = {
			isa = PBXContainerItemProxy;
			containerPortal = 2735DF831EBA33CE00F44A94 /* Project object */;
			proxyType = 1;
			remoteGlobalIDString = 2735DF8A1EBA33CE00F44A94;
			remoteInfo = UIScrollViewMoveContent;
		};
		2735DFAB1EBA33CE00F44A94 /* PBXContainerItemProxy */ = {
			isa = PBXContainerItemProxy;
			containerPortal = 2735DF831EBA33CE00F44A94 /* Project object */;
			proxyType = 1;
			remoteGlobalIDString = 2735DF8A1EBA33CE00F44A94;
			remoteInfo = UIScrollViewMoveContent;
		};
/* End PBXContainerItemProxy section */

/* Begin PBXFileReference section */
		2735DF8B1EBA33CE00F44A94 /* UIScrollViewMoveContent.app */ = {isa = PBXFileReference; explicitFileType = wrapper.application; includeInIndex = 0; path = UIScrollViewMoveContent.app; sourceTree = BUILT_PRODUCTS_DIR; };
		2735DF8E1EBA33CE00F44A94 /* AppDelegate.swift */ = {isa = PBXFileReference; lastKnownFileType = sourcecode.swift; path = AppDelegate.swift; sourceTree = "<group>"; };
		2735DF901EBA33CE00F44A94 /* ViewController.swift */ = {isa = PBXFileReference; lastKnownFileType = sourcecode.swift; path = ViewController.swift; sourceTree = "<group>"; };
		2735DF931EBA33CE00F44A94 /* Base */ = {isa = PBXFileReference; lastKnownFileType = file.storyboard; name = Base; path = Base.lproj/Main.storyboard; sourceTree = "<group>"; };
		2735DF951EBA33CE00F44A94 /* Assets.xcassets */ = {isa = PBXFileReference; lastKnownFileType = folder.assetcatalog; path = Assets.xcassets; sourceTree = "<group>"; };
		2735DF981EBA33CE00F44A94 /* Base */ = {isa = PBXFileReference; lastKnownFileType = file.storyboard; name = Base; path = Base.lproj/LaunchScreen.storyboard; sourceTree = "<group>"; };
		2735DF9A1EBA33CE00F44A94 /* Info.plist */ = {isa = PBXFileReference; lastKnownFileType = text.plist.xml; path = Info.plist; sourceTree = "<group>"; };
		2735DF9F1EBA33CE00F44A94 /* UIScrollViewMoveContentTests.xctest */ = {isa = PBXFileReference; explicitFileType = wrapper.cfbundle; includeInIndex = 0; path = UIScrollViewMoveContentTests.xctest; sourceTree = BUILT_PRODUCTS_DIR; };
		2735DFA31EBA33CE00F44A94 /* UIScrollViewMoveContentTests.swift */ = {isa = PBXFileReference; lastKnownFileType = sourcecode.swift; path = UIScrollViewMoveContentTests.swift; sourceTree = "<group>"; };
		2735DFA51EBA33CE00F44A94 /* Info.plist */ = {isa = PBXFileReference; lastKnownFileType = text.plist.xml; path = Info.plist; sourceTree = "<group>"; };
		2735DFAA1EBA33CE00F44A94 /* UIScrollViewMoveContentUITests.xctest */ = {isa = PBXFileReference; explicitFileType = wrapper.cfbundle; includeInIndex = 0; path = UIScrollViewMoveContentUITests.xctest; sourceTree = BUILT_PRODUCTS_DIR; };
		2735DFAE1EBA33CE00F44A94 /* UIScrollViewMoveContentUITests.swift */ = {isa = PBXFileReference; lastKnownFileType = sourcecode.swift; path = UIScrollViewMoveContentUITests.swift; sourceTree = "<group>"; };
		2735DFB01EBA33CE00F44A94 /* Info.plist */ = {isa = PBXFileReference; lastKnownFileType = text.plist.xml; path = Info.plist; sourceTree = "<group>"; };
/* End PBXFileReference section */

/* Begin PBXFrameworksBuildPhase section */
		2735DF881EBA33CE00F44A94 /* Frameworks */ = {
			isa = PBXFrameworksBuildPhase;
			buildActionMask = 2147483647;
			files = (
			);
			runOnlyForDeploymentPostprocessing = 0;
		};
		2735DF9C1EBA33CE00F44A94 /* Frameworks */ = {
			isa = PBXFrameworksBuildPhase;
			buildActionMask = 2147483647;
			files = (
			);
			runOnlyForDeploymentPostprocessing = 0;
		};
		2735DFA71EBA33CE00F44A94 /* Frameworks */ = {
			isa = PBXFrameworksBuildPhase;
			buildActionMask = 2147483647;
			files = (
			);
			runOnlyForDeploymentPostprocessing = 0;
		};
/* End PBXFrameworksBuildPhase section */

/* Begin PBXGroup section */
		2735DF821EBA33CE00F44A94 = {
			isa = PBXGroup;
			children = (
				2735DF8D1EBA33CE00F44A94 /* UIScrollViewMoveContent */,
				2735DFA21EBA33CE00F44A94 /* UIScrollViewMoveContentTests */,
				2735DFAD1EBA33CE00F44A94 /* UIScrollViewMoveContentUITests */,
				2735DF8C1EBA33CE00F44A94 /* Products */,
			);
			sourceTree = "<group>";
		};
		2735DF8C1EBA33CE00F44A94 /* Products */ = {
			isa = PBXGroup;
			children = (
				2735DF8B1EBA33CE00F44A94 /* UIScrollViewMoveContent.app */,
				2735DF9F1EBA33CE00F44A94 /* UIScrollViewMoveContentTests.xctest */,
				2735DFAA1EBA33CE00F44A94 /* UIScrollViewMoveContentUITests.xctest */,
			);
			name = Products;
			sourceTree = "<group>";
		};
		2735DF8D1EBA33CE00F44A94 /* UIScrollViewMoveContent */ = {
			isa = PBXGroup;
			children = (
				2735DF8E1EBA33CE00F44A94 /* AppDelegate.swift */,
				2735DF901EBA33CE00F44A94 /* ViewController.swift */,
				2735DF921EBA33CE00F44A94 /* Main.storyboard */,
				2735DF951EBA33CE00F44A94 /* Assets.xcassets */,
				2735DF971EBA33CE00F44A94 /* LaunchScreen.storyboard */,
				2735DF9A1EBA33CE00F44A94 /* Info.plist */,
			);
			path = UIScrollViewMoveContent;
			sourceTree = "<group>";
		};
		2735DFA21EBA33CE00F44A94 /* UIScrollViewMoveContentTests */ = {
			isa = PBXGroup;
			children = (
				2735DFA31EBA33CE00F44A94 /* UIScrollViewMoveContentTests.swift */,
				2735DFA51EBA33CE00F44A94 /* Info.plist */,
			);
			path = UIScrollViewMoveContentTests;
			sourceTree = "<group>";
		};
		2735DFAD1EBA33CE00F44A94 /* UIScrollViewMoveContentUITests */ = {
			isa = PBXGroup;
			children = (
				2735DFAE1EBA33CE00F44A94 /* UIScrollViewMoveContentUITests.swift */,
				2735DFB01EBA33CE00F44A94 /* Info.plist */,
			);
			path = UIScrollViewMoveContentUITests;
			sourceTree = "<group>";
		};
/* End PBXGroup section */

/* Begin PBXNativeTarget section */
		2735DF8A1EBA33CE00F44A94 /* UIScrollViewMoveContent */ = {
			isa = PBXNativeTarget;
			buildConfigurationList = 2735DFB31EBA33CE00F44A94 /* Build configuration list for PBXNativeTarget "UIScrollViewMoveContent" */;
			buildPhases = (
				2735DF871EBA33CE00F44A94 /* Sources */,
				2735DF881EBA33CE00F44A94 /* Frameworks */,
				2735DF891EBA33CE00F44A94 /* Resources */,
			);
			buildRules = (
			);
			dependencies = (
			);
			name = UIScrollViewMoveContent;
			productName = UIScrollViewMoveContent;
			productReference = 2735DF8B1EBA33CE00F44A94 /* UIScrollViewMoveContent.app */;
			productType = "com.apple.product-type.application";
		};
		2735DF9E1EBA33CE00F44A94 /* UIScrollViewMoveContentTests */ = {
			isa = PBXNativeTarget;
			buildConfigurationList = 2735DFB61EBA33CE00F44A94 /* Build configuration list for PBXNativeTarget "UIScrollViewMoveContentTests" */;
			buildPhases = (
				2735DF9B1EBA33CE00F44A94 /* Sources */,
				2735DF9C1EBA33CE00F44A94 /* Frameworks */,
				2735DF9D1EBA33CE00F44A94 /* Resources */,
			);
			buildRules = (
			);
			dependencies = (
				2735DFA11EBA33CE00F44A94 /* PBXTargetDependency */,
			);
			name = UIScrollViewMoveContentTests;
			productName = UIScrollViewMoveContentTests;
			productReference = 2735DF9F1EBA33CE00F44A94 /* UIScrollViewMoveContentTests.xctest */;
			productType = "com.apple.product-type.bundle.unit-test";
		};
		2735DFA91EBA33CE00F44A94 /* UIScrollViewMoveContentUITests */ = {
			isa = PBXNativeTarget;
			buildConfigurationList = 2735DFB91EBA33CE00F44A94 /* Build configuration list for PBXNativeTarget "UIScrollViewMoveContentUITests" */;
			buildPhases = (
				2735DFA61EBA33CE00F44A94 /* Sources */,
				2735DFA71EBA33CE00F44A94 /* Frameworks */,
				2735DFA81EBA33CE00F44A94 /* Resources */,
			);
			buildRules = (
			);
			dependencies = (
				2735DFAC1EBA33CE00F44A94 /* PBXTargetDependency */,
			);
			name = UIScrollViewMoveContentUITests;
			productName = UIScrollViewMoveContentUITests;
			productReference = 2735DFAA1EBA33CE00F44A94 /* UIScrollViewMoveContentUITests.xctest */;
			productType = "com.apple.product-type.bundle.ui-testing";
		};
/* End PBXNativeTarget section */

/* Begin PBXProject section */
		2735DF831EBA33CE00F44A94 /* Project object */ = {
			isa = PBXProject;
			attributes = {
				LastSwiftUpdateCheck = 0830;
				LastUpgradeCheck = 0830;
				ORGANIZATIONNAME = "Thiện Huỳnh";
				TargetAttributes = {
					2735DF8A1EBA33CE00F44A94 = {
						CreatedOnToolsVersion = 8.3.1;
						ProvisioningStyle = Automatic;
					};
					2735DF9E1EBA33CE00F44A94 = {
						CreatedOnToolsVersion = 8.3.1;
						ProvisioningStyle = Automatic;
						TestTargetID = 2735DF8A1EBA33CE00F44A94;
					};
					2735DFA91EBA33CE00F44A94 = {
						CreatedOnToolsVersion = 8.3.1;
						ProvisioningStyle = Automatic;
						TestTargetID = 2735DF8A1EBA33CE00F44A94;
					};
				};
			};
			buildConfigurationList = 2735DF861EBA33CE00F44A94 /* Build configuration list for PBXProject "UIScrollViewMoveContent" */;
			compatibilityVersion = "Xcode 3.2";
			developmentRegion = English;
			hasScannedForEncodings = 0;
			knownRegions = (
				en,
				Base,
			);
			mainGroup = 2735DF821EBA33CE00F44A94;
			productRefGroup = 2735DF8C1EBA33CE00F44A94 /* Products */;
			projectDirPath = "";
			projectRoot = "";
			targets = (
				2735DF8A1EBA33CE00F44A94 /* UIScrollViewMoveContent */,
				2735DF9E1EBA33CE00F44A94 /* UIScrollViewMoveContentTests */,
				2735DFA91EBA33CE00F44A94 /* UIScrollViewMoveContentUITests */,
			);
		};
/* End PBXProject section */

/* Begin PBXResourcesBuildPhase section */
		2735DF891EBA33CE00F44A94 /* Resources */ = {
			isa = PBXResourcesBuildPhase;
			buildActionMask = 2147483647;
			files = (
				2735DF991EBA33CE00F44A94 /* LaunchScreen.storyboard in Resources */,
				2735DF961EBA33CE00F44A94 /* Assets.xcassets in Resources */,
				2735DF941EBA33CE00F44A94 /* Main.storyboard in Resources */,
			);
			runOnlyForDeploymentPostprocessing = 0;
		};
		2735DF9D1EBA33CE00F44A94 /* Resources */ = {
			isa = PBXResourcesBuildPhase;
			buildActionMask = 2147483647;
			files = (
			);
			runOnlyForDeploymentPostprocessing = 0;
		};
		2735DFA81EBA33CE00F44A94 /* Resources */ = {
			isa = PBXResourcesBuildPhase;
			buildActionMask = 2147483647;
			files = (
			);
			runOnlyForDeploymentPostprocessing = 0;
		};
/* End PBXResourcesBuildPhase section */

/* Begin PBXSourcesBuildPhase section */
		2735DF871EBA33CE00F44A94 /* Sources */ = {
			isa = PBXSourcesBuildPhase;
			buildActionMask = 2147483647;
			files = (
				2735DF911EBA33CE00F44A94 /* ViewController.swift in Sources */,
				2735DF8F1EBA33CE00F44A94 /* AppDelegate.swift in Sources */,
			);
			runOnlyForDeploymentPostprocessing = 0;
		};
		2735DF9B1EBA33CE00F44A94 /* Sources */ = {
			isa = PBXSourcesBuildPhase;
			buildActionMask = 2147483647;
			files = (
				2735DFA41EBA33CE00F44A94 /* UIScrollViewMoveContentTests.swift in Sources */,
			);
			runOnlyForDeploymentPostprocessing = 0;
		};
		2735DFA61EBA33CE00F44A94 /* Sources */ = {
			isa = PBXSourcesBuildPhase;
			buildActionMask = 2147483647;
			files = (
				2735DFAF1EBA33CE00F44A94 /* UIScrollViewMoveContentUITests.swift in Sources */,
			);
			runOnlyForDeploymentPostprocessing = 0;
		};
/* End PBXSourcesBuildPhase section */

/* Begin PBXTargetDependency section */
		2735DFA11EBA33CE00F44A94 /* PBXTargetDependency */ = {
			isa = PBXTargetDependency;
			target = 2735DF8A1EBA33CE00F44A94 /* UIScrollViewMoveContent */;
			targetProxy = 2735DFA01EBA33CE00F44A94 /* PBXContainerItemProxy */;
		};
		2735DFAC1EBA33CE00F44A94 /* PBXTargetDependency */ = {
			isa = PBXTargetDependency;
			target = 2735DF8A1EBA33CE00F44A94 /* UIScrollViewMoveContent */;
			targetProxy = 2735DFAB1EBA33CE00F44A94 /* PBXContainerItemProxy */;
		};
/* End PBXTargetDependency section */

/* Begin PBXVariantGroup section */
		2735DF921EBA33CE00F44A94 /* Main.storyboard */ = {
			isa = PBXVariantGroup;
			children = (
				2735DF931EBA33CE00F44A94 /* Base */,
			);
			name = Main.storyboard;
			sourceTree = "<group>";
		};
		2735DF971EBA33CE00F44A94 /* LaunchScreen.storyboard */ = {
			isa = PBXVariantGroup;
			children = (
				2735DF981EBA33CE00F44A94 /* Base */,
			);
			name = LaunchScreen.storyboard;
			sourceTree = "<group>";
		};
/* End PBXVariantGroup section */

/* Begin XCBuildConfiguration section */
		2735DFB11EBA33CE00F44A94 /* Debug */ = {
			isa = XCBuildConfiguration;
			buildSettings = {
				ALWAYS_SEARCH_USER_PATHS = NO;
				CLANG_ANALYZER_NONNULL = YES;
				CLANG_ANALYZER_NUMBER_OBJECT_CONVERSION = YES_AGGRESSIVE;
				CLANG_CXX_LANGUAGE_STANDARD = "gnu++0x";
				CLANG_CXX_LIBRARY = "libc++";
				CLANG_ENABLE_MODULES = YES;
				CLANG_ENABLE_OBJC_ARC = YES;
				CLANG_WARN_BOOL_CONVERSION = YES;
				CLANG_WARN_CONSTANT_CONVERSION = YES;
				CLANG_WARN_DIRECT_OBJC_ISA_USAGE = YES_ERROR;
				CLANG_WARN_DOCUMENTATION_COMMENTS = YES;
				CLANG_WARN_EMPTY_BODY = YES;
				CLANG_WARN_ENUM_CONVERSION = YES;
				CLANG_WARN_INFINITE_RECURSION = YES;
				CLANG_WARN_INT_CONVERSION = YES;
				CLANG_WARN_OBJC_ROOT_CLASS = YES_ERROR;
				CLANG_WARN_SUSPICIOUS_MOVE = YES;
				CLANG_WARN_UNREACHABLE_CODE = YES;
				CLANG_WARN__DUPLICATE_METHOD_MATCH = YES;
				"CODE_SIGN_IDENTITY[sdk=iphoneos*]" = "iPhone Developer";
				COPY_PHASE_STRIP = NO;
				DEBUG_INFORMATION_FORMAT = dwarf;
				ENABLE_STRICT_OBJC_MSGSEND = YES;
				ENABLE_TESTABILITY = YES;
				GCC_C_LANGUAGE_STANDARD = gnu99;
				GCC_DYNAMIC_NO_PIC = NO;
				GCC_NO_COMMON_BLOCKS = YES;
				GCC_OPTIMIZATION_LEVEL = 0;
				GCC_PREPROCESSOR_DEFINITIONS = (
					"DEBUG=1",
					"$(inherited)",
				);
				GCC_WARN_64_TO_32_BIT_CONVERSION = YES;
				GCC_WARN_ABOUT_RETURN_TYPE = YES_ERROR;
				GCC_WARN_UNDECLARED_SELECTOR = YES;
				GCC_WARN_UNINITIALIZED_AUTOS = YES_AGGRESSIVE;
				GCC_WARN_UNUSED_FUNCTION = YES;
				GCC_WARN_UNUSED_VARIABLE = YES;
				IPHONEOS_DEPLOYMENT_TARGET = 10.3;
				MTL_ENABLE_DEBUG_INFO = YES;
				ONLY_ACTIVE_ARCH = YES;
				SDKROOT = iphoneos;
				SWIFT_ACTIVE_COMPILATION_CONDITIONS = DEBUG;
				SWIFT_OPTIMIZATION_LEVEL = "-Onone";
				TARGETED_DEVICE_FAMILY = "1,2";
			};
			name = Debug;
		};
		2735DFB21EBA33CE00F44A94 /* Release */ = {
			isa = XCBuildConfiguration;
			buildSettings = {
				ALWAYS_SEARCH_USER_PATHS = NO;
				CLANG_ANALYZER_NONNULL = YES;
				CLANG_ANALYZER_NUMBER_OBJECT_CONVERSION = YES_AGGRESSIVE;
				CLANG_CXX_LANGUAGE_STANDARD = "gnu++0x";
				CLANG_CXX_LIBRARY = "libc++";
				CLANG_ENABLE_MODULES = YES;
				CLANG_ENABLE_OBJC_ARC = YES;
				CLANG_WARN_BOOL_CONVERSION = YES;
				CLANG_WARN_CONSTANT_CONVERSION = YES;
				CLANG_WARN_DIRECT_OBJC_ISA_USAGE = YES_ERROR;
				CLANG_WARN_DOCUMENTATION_COMMENTS = YES;
				CLANG_WARN_EMPTY_BODY = YES;
				CLANG_WARN_ENUM_CONVERSION = YES;
				CLANG_WARN_INFINITE_RECURSION = YES;
				CLANG_WARN_INT_CONVERSION = YES;
				CLANG_WARN_OBJC_ROOT_CLASS = YES_ERROR;
				CLANG_WARN_SUSPICIOUS_MOVE = YES;
				CLANG_WARN_UNREACHABLE_CODE = YES;
				CLANG_WARN__DUPLICATE_METHOD_MATCH = YES;
				"CODE_SIGN_IDENTITY[sdk=iphoneos*]" = "iPhone Developer";
				COPY_PHASE_STRIP = NO;
				DEBUG_INFORMATION_FORMAT = "dwarf-with-dsym";
				ENABLE_NS_ASSERTIONS = NO;
				ENABLE_STRICT_OBJC_MSGSEND = YES;
				GCC_C_LANGUAGE_STANDARD = gnu99;
				GCC_NO_COMMON_BLOCKS = YES;
				GCC_WARN_64_TO_32_BIT_CONVERSION = YES;
				GCC_WARN_ABOUT_RETURN_TYPE = YES_ERROR;
				GCC_WARN_UNDECLARED_SELECTOR = YES;
				GCC_WARN_UNINITIALIZED_AUTOS = YES_AGGRESSIVE;
				GCC_WARN_UNUSED_FUNCTION = YES;
				GCC_WARN_UNUSED_VARIABLE = YES;
				IPHONEOS_DEPLOYMENT_TARGET = 10.3;
				MTL_ENABLE_DEBUG_INFO = NO;
				SDKROOT = iphoneos;
				SWIFT_OPTIMIZATION_LEVEL = "-Owholemodule";
				TARGETED_DEVICE_FAMILY = "1,2";
				VALIDATE_PRODUCT = YES;
			};
			name = Release;
		};
		2735DFB41EBA33CE00F44A94 /* Debug */ = {
			isa = XCBuildConfiguration;
			buildSettings = {
				ASSETCATALOG_COMPILER_APPICON_NAME = AppIcon;
				INFOPLIST_FILE = UIScrollViewMoveContent/Info.plist;
				LD_RUNPATH_SEARCH_PATHS = "$(inherited) @executable_path/Frameworks";
				PRODUCT_BUNDLE_IDENTIFIER = com.huynhthien.UIScrollViewMoveContent;
				PRODUCT_NAME = "$(TARGET_NAME)";
				SWIFT_VERSION = 3.0;
			};
			name = Debug;
		};
		2735DFB51EBA33CE00F44A94 /* Release */ = {
			isa = XCBuildConfiguration;
			buildSettings = {
				ASSETCATALOG_COMPILER_APPICON_NAME = AppIcon;
				INFOPLIST_FILE = UIScrollViewMoveContent/Info.plist;
				LD_RUNPATH_SEARCH_PATHS = "$(inherited) @executable_path/Frameworks";
				PRODUCT_BUNDLE_IDENTIFIER = com.huynhthien.UIScrollViewMoveContent;
				PRODUCT_NAME = "$(TARGET_NAME)";
				SWIFT_VERSION = 3.0;
			};
			name = Release;
		};
		2735DFB71EBA33CE00F44A94 /* Debug */ = {
			isa = XCBuildConfiguration;
			buildSettings = {
				ALWAYS_EMBED_SWIFT_STANDARD_LIBRARIES = YES;
				BUNDLE_LOADER = "$(TEST_HOST)";
				INFOPLIST_FILE = UIScrollViewMoveContentTests/Info.plist;
				LD_RUNPATH_SEARCH_PATHS = "$(inherited) @executable_path/Frameworks @loader_path/Frameworks";
				PRODUCT_BUNDLE_IDENTIFIER = com.huynhthien.UIScrollViewMoveContentTests;
				PRODUCT_NAME = "$(TARGET_NAME)";
				SWIFT_VERSION = 3.0;
				TEST_HOST = "$(BUILT_PRODUCTS_DIR)/UIScrollViewMoveContent.app/UIScrollViewMoveContent";
			};
			name = Debug;
		};
		2735DFB81EBA33CE00F44A94 /* Release */ = {
			isa = XCBuildConfiguration;
			buildSettings = {
				ALWAYS_EMBED_SWIFT_STANDARD_LIBRARIES = YES;
				BUNDLE_LOADER = "$(TEST_HOST)";
				INFOPLIST_FILE = UIScrollViewMoveContentTests/Info.plist;
				LD_RUNPATH_SEARCH_PATHS = "$(inherited) @executable_path/Frameworks @loader_path/Frameworks";
				PRODUCT_BUNDLE_IDENTIFIER = com.huynhthien.UIScrollViewMoveContentTests;
				PRODUCT_NAME = "$(TARGET_NAME)";
				SWIFT_VERSION = 3.0;
				TEST_HOST = "$(BUILT_PRODUCTS_DIR)/UIScrollViewMoveContent.app/UIScrollViewMoveContent";
			};
			name = Release;
		};
		2735DFBA1EBA33CE00F44A94 /* Debug */ = {
			isa = XCBuildConfiguration;
			buildSettings = {
				ALWAYS_EMBED_SWIFT_STANDARD_LIBRARIES = YES;
				INFOPLIST_FILE = UIScrollViewMoveContentUITests/Info.plist;
				LD_RUNPATH_SEARCH_PATHS = "$(inherited) @executable_path/Frameworks @loader_path/Frameworks";
				PRODUCT_BUNDLE_IDENTIFIER = com.huynhthien.UIScrollViewMoveContentUITests;
				PRODUCT_NAME = "$(TARGET_NAME)";
				SWIFT_VERSION = 3.0;
				TEST_TARGET_NAME = UIScrollViewMoveContent;
			};
			name = Debug;
		};
		2735DFBB1EBA33CE00F44A94 /* Release */ = {
			isa = XCBuildConfiguration;
			buildSettings = {
				ALWAYS_EMBED_SWIFT_STANDARD_LIBRARIES = YES;
				INFOPLIST_FILE = UIScrollViewMoveContentUITests/Info.plist;
				LD_RUNPATH_SEARCH_PATHS = "$(inherited) @executable_path/Frameworks @loader_path/Frameworks";
				PRODUCT_BUNDLE_IDENTIFIER = com.huynhthien.UIScrollViewMoveContentUITests;
				PRODUCT_NAME = "$(TARGET_NAME)";
				SWIFT_VERSION = 3.0;
				TEST_TARGET_NAME = UIScrollViewMoveContent;
			};
			name = Release;
		};
/* End XCBuildConfiguration section */

/* Begin XCConfigurationList section */
		2735DF861EBA33CE00F44A94 /* Build configuration list for PBXProject "UIScrollViewMoveContent" */ = {
			isa = XCConfigurationList;
			buildConfigurations = (
				2735DFB11EBA33CE00F44A94 /* Debug */,
				2735DFB21EBA33CE00F44A94 /* Release */,
			);
			defaultConfigurationIsVisible = 0;
			defaultConfigurationName = Release;
		};
		2735DFB31EBA33CE00F44A94 /* Build configuration list for PBXNativeTarget "UIScrollViewMoveContent" */ = {
			isa = XCConfigurationList;
			buildConfigurations = (
				2735DFB41EBA33CE00F44A94 /* Debug */,
				2735DFB51EBA33CE00F44A94 /* Release */,
			);
			defaultConfigurationIsVisible = 0;
		};
		2735DFB61EBA33CE00F44A94 /* Build configuration list for PBXNativeTarget "UIScrollViewMoveContentTests" */ = {
			isa = XCConfigurationList;
			buildConfigurations = (
				2735DFB71EBA33CE00F44A94 /* Debug */,
				2735DFB81EBA33CE00F44A94 /* Release */,
			);
			defaultConfigurationIsVisible = 0;
		};
		2735DFB91EBA33CE00F44A94 /* Build configuration list for PBXNativeTarget "UIScrollViewMoveContentUITests" */ = {
			isa = XCConfigurationList;
			buildConfigurations = (
				2735DFBA1EBA33CE00F44A94 /* Debug */,
				2735DFBB1EBA33CE00F44A94 /* Release */,
			);
			defaultConfigurationIsVisible = 0;
		};
/* End XCConfigurationList section */
	};
	rootObject = 2735DF831EBA33CE00F44A94 /* Project object */;
}
